// !$*UTF8*$!
{
	archiveVersion = 1;
	classes = {
	};
	objectVersion = 77;
	objects = {

/* Begin PBXBuildFile section */
		08313682ACDF6C6EBE4317CD /* Assets.xcassets in Resources */ = {isa = PBXBuildFile; fileRef = EFA08B581A3B4DAF8F11C566 /* Assets.xcassets */; };
		24E50124C1125D40DF3C5CF2 /* Theme.swift in Sources */ = {isa = PBXBuildFile; fileRef = 714737E2AB25950DC0148D34 /* Theme.swift */; };
		2FE860A20336048E1381E7B9 /* LobbyView.swift in Sources */ = {isa = PBXBuildFile; fileRef = 0680F4462C09C0C893DF8E7E /* LobbyView.swift */; };
		54432D21D819F0693B0455D9 /* ScoreboardStore.swift in Sources */ = {isa = PBXBuildFile; fileRef = 248CD3E3733B4AECE6595852 /* ScoreboardStore.swift */; };
		5B8904DB469E10A84D02D490 /* burst.wav in Resources */ = {isa = PBXBuildFile; fileRef = FCD49919B5DF3A818A222D8F /* burst.wav */; };
		6614DF17081FAE48273DDF37 /* HowToPlayView.swift in Sources */ = {isa = PBXBuildFile; fileRef = 7A287F7A09DFEC151585376D /* HowToPlayView.swift */; };
		9919E43141608E278FA74DD3 /* sizzle.wav in Resources */ = {isa = PBXBuildFile; fileRef = 40C69D377EE45388C255A27C /* sizzle.wav */; };
		9AC97CCA908C90FF7BF49043 /* HouseRulesView.swift in Sources */ = {isa = PBXBuildFile; fileRef = 367113BC9BAF91E217792AE8 /* HouseRulesView.swift */; };
		9FE8A51EAC9666B9A104044C /* ParjamieNet in Frameworks */ = {isa = PBXBuildFile; productRef = 1E417820269079549451F213 /* ParjamieNet */; };
		ACE5AE3B5A9DFD5035F29F57 /* GameView.swift in Sources */ = {isa = PBXBuildFile; fileRef = A365AC16B0682B4AD40B7E47 /* GameView.swift */; };
		AEB76F2E92C4A0AFF356107B /* BoardView.swift in Sources */ = {isa = PBXBuildFile; fileRef = BFB82E920B2773644403644A /* BoardView.swift */; };
		B213978FEDAAE7DE47259B07 /* WelcomeTourView.swift in Sources */ = {isa = PBXBuildFile; fileRef = AB6436C86FDC2D6C485A6A57 /* WelcomeTourView.swift */; };
		BAF7697AECC6172A9650C9F6 /* ScoreboardView.swift in Sources */ = {isa = PBXBuildFile; fileRef = 954E664680AE9A706D9EAE26 /* ScoreboardView.swift */; };
		BB6E7C5559C2808D45F61512 /* DiceView.swift in Sources */ = {isa = PBXBuildFile; fileRef = 03FE5289B5D6ED2B1B6ED31C /* DiceView.swift */; };
		C3C6F31D621840313708AD04 /* arc.wav in Resources */ = {isa = PBXBuildFile; fileRef = DA1C2C5DA750D8A27B05AA84 /* arc.wav */; };
		C6271452B1562B125935C073 /* Effects.swift in Sources */ = {isa = PBXBuildFile; fileRef = A2E9201B94A672D43A21CCC6 /* Effects.swift */; };
		DA4295D9BF3C04338EA359F9 /* ParjamieApp.swift in Sources */ = {isa = PBXBuildFile; fileRef = E79AE7381721BA0886CF7E59 /* ParjamieApp.swift */; };
		F7C08181CDB867C5A4FC26EF /* ParjamieEngine in Frameworks */ = {isa = PBXBuildFile; productRef = 6D7A79ACE6DEACDF57B629E0 /* ParjamieEngine */; };
/* End PBXBuildFile section */

/* Begin PBXFileReference section */
		03FE5289B5D6ED2B1B6ED31C /* DiceView.swift */ = {isa = PBXFileReference; lastKnownFileType = sourcecode.swift; path = DiceView.swift; sourceTree = "<group>"; };
		05B1FE3E5DBA1F4B0D65BF39 /* Parjamie */ = {isa = PBXFileReference; lastKnownFileType = folder; name = Parjamie; path = .; sourceTree = SOURCE_ROOT; };
		0680F4462C09C0C893DF8E7E /* LobbyView.swift */ = {isa = PBXFileReference; lastKnownFileType = sourcecode.swift; path = LobbyView.swift; sourceTree = "<group>"; };
		248CD3E3733B4AECE6595852 /* ScoreboardStore.swift */ = {isa = PBXFileReference; lastKnownFileType = sourcecode.swift; path = ScoreboardStore.swift; sourceTree = "<group>"; };
		367113BC9BAF91E217792AE8 /* HouseRulesView.swift */ = {isa = PBXFileReference; lastKnownFileType = sourcecode.swift; path = HouseRulesView.swift; sourceTree = "<group>"; };
		40C69D377EE45388C255A27C /* sizzle.wav */ = {isa = PBXFileReference; lastKnownFileType = audio.wav; path = sizzle.wav; sourceTree = "<group>"; };
		714737E2AB25950DC0148D34 /* Theme.swift */ = {isa = PBXFileReference; lastKnownFileType = sourcecode.swift; path = Theme.swift; sourceTree = "<group>"; };
		7A287F7A09DFEC151585376D /* HowToPlayView.swift */ = {isa = PBXFileReference; lastKnownFileType = sourcecode.swift; path = HowToPlayView.swift; sourceTree = "<group>"; };
		913EA0CEF272E54E665F762C /* Parjamie.app */ = {isa = PBXFileReference; includeInIndex = 0; lastKnownFileType = wrapper.application; path = Parjamie.app; sourceTree = BUILT_PRODUCTS_DIR; };
		954E664680AE9A706D9EAE26 /* ScoreboardView.swift */ = {isa = PBXFileReference; lastKnownFileType = sourcecode.swift; path = ScoreboardView.swift; sourceTree = "<group>"; };
		A2E9201B94A672D43A21CCC6 /* Effects.swift */ = {isa = PBXFileReference; lastKnownFileType = sourcecode.swift; path = Effects.swift; sourceTree = "<group>"; };
		A365AC16B0682B4AD40B7E47 /* GameView.swift */ = {isa = PBXFileReference; lastKnownFileType = sourcecode.swift; path = GameView.swift; sourceTree = "<group>"; };
		AB6436C86FDC2D6C485A6A57 /* WelcomeTourView.swift */ = {isa = PBXFileReference; lastKnownFileType = sourcecode.swift; path = WelcomeTourView.swift; sourceTree = "<group>"; };
		BFB82E920B2773644403644A /* BoardView.swift */ = {isa = PBXFileReference; lastKnownFileType = sourcecode.swift; path = BoardView.swift; sourceTree = "<group>"; };
		DA1C2C5DA750D8A27B05AA84 /* arc.wav */ = {isa = PBXFileReference; lastKnownFileType = audio.wav; path = arc.wav; sourceTree = "<group>"; };
		E79AE7381721BA0886CF7E59 /* ParjamieApp.swift */ = {isa = PBXFileReference; lastKnownFileType = sourcecode.swift; path = ParjamieApp.swift; sourceTree = "<group>"; };
		EFA08B581A3B4DAF8F11C566 /* Assets.xcassets */ = {isa = PBXFileReference; lastKnownFileType = folder.assetcatalog; path = Assets.xcassets; sourceTree = "<group>"; };
		FCD49919B5DF3A818A222D8F /* burst.wav */ = {isa = PBXFileReference; lastKnownFileType = audio.wav; path = burst.wav; sourceTree = "<group>"; };
/* End PBXFileReference section */

/* Begin PBXFrameworksBuildPhase section */
		949D10A009BA89A09065BBB9 /* Frameworks */ = {
			isa = PBXFrameworksBuildPhase;
			buildActionMask = 2147483647;
			files = (
				F7C08181CDB867C5A4FC26EF /* ParjamieEngine in Frameworks */,
				9FE8A51EAC9666B9A104044C /* ParjamieNet in Frameworks */,
			);
			runOnlyForDeploymentPostprocessing = 0;
		};
/* End PBXFrameworksBuildPhase section */

/* Begin PBXGroup section */
		0B926832B1C7F8763C143AEA /* Sounds */ = {
			isa = PBXGroup;
			children = (
				DA1C2C5DA750D8A27B05AA84 /* arc.wav */,
				FCD49919B5DF3A818A222D8F /* burst.wav */,
				40C69D377EE45388C255A27C /* sizzle.wav */,
			);
			path = Sounds;
			sourceTree = "<group>";
		};
		3DEA952B55FD73760A656197 /* Sources */ = {
			isa = PBXGroup;
			children = (
				BFB82E920B2773644403644A /* BoardView.swift */,
				03FE5289B5D6ED2B1B6ED31C /* DiceView.swift */,
				A2E9201B94A672D43A21CCC6 /* Effects.swift */,
				A365AC16B0682B4AD40B7E47 /* GameView.swift */,
				367113BC9BAF91E217792AE8 /* HouseRulesView.swift */,
				7A287F7A09DFEC151585376D /* HowToPlayView.swift */,
				0680F4462C09C0C893DF8E7E /* LobbyView.swift */,
				E79AE7381721BA0886CF7E59 /* ParjamieApp.swift */,
				248CD3E3733B4AECE6595852 /* ScoreboardStore.swift */,
				954E664680AE9A706D9EAE26 /* ScoreboardView.swift */,
				714737E2AB25950DC0148D34 /* Theme.swift */,
				AB6436C86FDC2D6C485A6A57 /* WelcomeTourView.swift */,
			);
			path = Sources;
			sourceTree = "<group>";
		};
		450759AED251789B1807137A /* Products */ = {
			isa = PBXGroup;
			children = (
				913EA0CEF272E54E665F762C /* Parjamie.app */,
			);
			name = Products;
			sourceTree = "<group>";
		};
		47AB262507CF2E6DBE5DE117 /* Resources */ = {
			isa = PBXGroup;
			children = (
				0B926832B1C7F8763C143AEA /* Sounds */,
				EFA08B581A3B4DAF8F11C566 /* Assets.xcassets */,
			);
			path = Resources;
			sourceTree = "<group>";
		};
		741156AA214EDACE733622EC /* Packages */ = {
			isa = PBXGroup;
			children = (
				05B1FE3E5DBA1F4B0D65BF39 /* Parjamie */,
			);
			name = Packages;
			sourceTree = "<group>";
		};
		C8486A10A0F0AF82DCF24FDC /* App */ = {
			isa = PBXGroup;
			children = (
				47AB262507CF2E6DBE5DE117 /* Resources */,
				3DEA952B55FD73760A656197 /* Sources */,
			);
			path = App;
			sourceTree = "<group>";
		};
		FCC1044F5CBF511DC1C59570 = {
			isa = PBXGroup;
			children = (
				C8486A10A0F0AF82DCF24FDC /* App */,
				741156AA214EDACE733622EC /* Packages */,
				450759AED251789B1807137A /* Products */,
			);
			sourceTree = "<group>";
		};
/* End PBXGroup section */

/* Begin PBXNativeTarget section */
		59DA8F6DB67620F2390CACA1 /* Parjamie */ = {
			isa = PBXNativeTarget;
			buildConfigurationList = E9F5C647610AE4D0FFF40B92 /* Build configuration list for PBXNativeTarget "Parjamie" */;
			buildPhases = (
				2C7AFA8BDC1DED19602590A8 /* Sources */,
				E920ADE19189E0EDC6CFB382 /* Resources */,
				949D10A009BA89A09065BBB9 /* Frameworks */,
			);
			buildRules = (
			);
			dependencies = (
			);
			name = Parjamie;
			packageProductDependencies = (
				6D7A79ACE6DEACDF57B629E0 /* ParjamieEngine */,
				1E417820269079549451F213 /* ParjamieNet */,
			);
			productName = Parjamie;
			productReference = 913EA0CEF272E54E665F762C /* Parjamie.app */;
			productType = "com.apple.product-type.application";
		};
/* End PBXNativeTarget section */

/* Begin PBXProject section */
		6814833314A5D1461F8AF902 /* Project object */ = {
			isa = PBXProject;
			attributes = {
				BuildIndependentTargetsInParallel = YES;
				LastUpgradeCheck = 1430;
				TargetAttributes = {
					59DA8F6DB67620F2390CACA1 = {
						DevelopmentTeam = NQ6AJVVBBJ;
						ProvisioningStyle = Automatic;
					};
				};
			};
			buildConfigurationList = E1C1D5FA0094241C3A6D7770 /* Build configuration list for PBXProject "Parjamie" */;
			developmentRegion = en;
			hasScannedForEncodings = 0;
			knownRegions = (
				Base,
				en,
			);
			mainGroup = FCC1044F5CBF511DC1C59570;
			minimizedProjectReferenceProxies = 1;
			packageReferences = (
				63E3B870AD64DD21C7334A06 /* XCLocalSwiftPackageReference "." */,
			);
			preferredProjectObjectVersion = 77;
			productRefGroup = 450759AED251789B1807137A /* Products */;
			projectDirPath = "";
			projectRoot = "";
			targets = (
				59DA8F6DB67620F2390CACA1 /* Parjamie */,
			);
		};
/* End PBXProject section */

/* Begin PBXResourcesBuildPhase section */
		E920ADE19189E0EDC6CFB382 /* Resources */ = {
			isa = PBXResourcesBuildPhase;
			buildActionMask = 2147483647;
			files = (
				08313682ACDF6C6EBE4317CD /* Assets.xcassets in Resources */,
				C3C6F31D621840313708AD04 /* arc.wav in Resources */,
				5B8904DB469E10A84D02D490 /* burst.wav in Resources */,
				9919E43141608E278FA74DD3 /* sizzle.wav in Resources */,
			);
			runOnlyForDeploymentPostprocessing = 0;
		};
/* End PBXResourcesBuildPhase section */

/* Begin PBXSourcesBuildPhase section */
		2C7AFA8BDC1DED19602590A8 /* Sources */ = {
			isa = PBXSourcesBuildPhase;
			buildActionMask = 2147483647;
			files = (
				AEB76F2E92C4A0AFF356107B /* BoardView.swift in Sources */,
				BB6E7C5559C2808D45F61512 /* DiceView.swift in Sources */,
				C6271452B1562B125935C073 /* Effects.swift in Sources */,
				ACE5AE3B5A9DFD5035F29F57 /* GameView.swift in Sources */,
				9AC97CCA908C90FF7BF49043 /* HouseRulesView.swift in Sources */,
				6614DF17081FAE48273DDF37 /* HowToPlayView.swift in Sources */,
				2FE860A20336048E1381E7B9 /* LobbyView.swift in Sources */,
				DA4295D9BF3C04338EA359F9 /* ParjamieApp.swift in Sources */,
				54432D21D819F0693B0455D9 /* ScoreboardStore.swift in Sources */,
				BAF7697AECC6172A9650C9F6 /* ScoreboardView.swift in Sources */,
				24E50124C1125D40DF3C5CF2 /* Theme.swift in Sources */,
				B213978FEDAAE7DE47259B07 /* WelcomeTourView.swift in Sources */,
			);
			runOnlyForDeploymentPostprocessing = 0;
		};
/* End PBXSourcesBuildPhase section */

/* Begin XCBuildConfiguration section */
		096F46C568E9A1C81BD0D8C0 /* Debug */ = {
			isa = XCBuildConfiguration;
			buildSettings = {
				ALWAYS_SEARCH_USER_PATHS = NO;
				CLANG_ANALYZER_NONNULL = YES;
				CLANG_ANALYZER_NUMBER_OBJECT_CONVERSION = YES_AGGRESSIVE;
				CLANG_CXX_LANGUAGE_STANDARD = "gnu++14";
				CLANG_CXX_LIBRARY = "libc++";
				CLANG_ENABLE_MODULES = YES;
				CLANG_ENABLE_OBJC_ARC = YES;
				CLANG_ENABLE_OBJC_WEAK = YES;
				CLANG_WARN_BLOCK_CAPTURE_AUTORELEASING = YES;
				CLANG_WARN_BOOL_CONVERSION = YES;
				CLANG_WARN_COMMA = YES;
				CLANG_WARN_CONSTANT_CONVERSION = YES;
				CLANG_WARN_DEPRECATED_OBJC_IMPLEMENTATIONS = YES;
				CLANG_WARN_DIRECT_OBJC_ISA_USAGE = YES_ERROR;
				CLANG_WARN_DOCUMENTATION_COMMENTS = YES;
				CLANG_WARN_EMPTY_BODY = YES;
				CLANG_WARN_ENUM_CONVERSION = YES;
				CLANG_WARN_INFINITE_RECURSION = YES;
				CLANG_WARN_INT_CONVERSION = YES;
				CLANG_WARN_NON_LITERAL_NULL_CONVERSION = YES;
				CLANG_WARN_OBJC_IMPLICIT_RETAIN_SELF = YES;
				CLANG_WARN_OBJC_LITERAL_CONVERSION = YES;
				CLANG_WARN_OBJC_ROOT_CLASS = YES_ERROR;
				CLANG_WARN_QUOTED_INCLUDE_IN_FRAMEWORK_HEADER = YES;
				CLANG_WARN_RANGE_LOOP_ANALYSIS = YES;
				CLANG_WARN_STRICT_PROTOTYPES = YES;
				CLANG_WARN_SUSPICIOUS_MOVE = YES;
				CLANG_WARN_UNGUARDED_AVAILABILITY = YES_AGGRESSIVE;
				CLANG_WARN_UNREACHABLE_CODE = YES;
				CLANG_WARN__DUPLICATE_METHOD_MATCH = YES;
				COPY_PHASE_STRIP = NO;
				DEBUG_INFORMATION_FORMAT = dwarf;
				ENABLE_STRICT_OBJC_MSGSEND = YES;
				ENABLE_TESTABILITY = YES;
				GCC_C_LANGUAGE_STANDARD = gnu11;
				GCC_DYNAMIC_NO_PIC = NO;
				GCC_NO_COMMON_BLOCKS = YES;
				GCC_OPTIMIZATION_LEVEL = 0;
				GCC_PREPROCESSOR_DEFINITIONS = (
					"$(inherited)",
					"DEBUG=1",
				);
				GCC_WARN_64_TO_32_BIT_CONVERSION = YES;
				GCC_WARN_ABOUT_RETURN_TYPE = YES_ERROR;
				GCC_WARN_UNDECLARED_SELECTOR = YES;
				GCC_WARN_UNINITIALIZED_AUTOS = YES_AGGRESSIVE;
				GCC_WARN_UNUSED_FUNCTION = YES;
				GCC_WARN_UNUSED_VARIABLE = YES;
				IPHONEOS_DEPLOYMENT_TARGET = 17.0;
				MTL_ENABLE_DEBUG_INFO = INCLUDE_SOURCE;
				MTL_FAST_MATH = YES;
				ONLY_ACTIVE_ARCH = YES;
				PRODUCT_NAME = "$(TARGET_NAME)";
				SDKROOT = iphoneos;
				SWIFT_ACTIVE_COMPILATION_CONDITIONS = DEBUG;
				SWIFT_OPTIMIZATION_LEVEL = "-Onone";
				SWIFT_VERSION = 5.0;
			};
			name = Debug;
		};
		09EBF9B640AF11912F6F2E65 /* Debug */ = {
			isa = XCBuildConfiguration;
			buildSettings = {
				ASSETCATALOG_COMPILER_APPICON_NAME = AppIcon;
				"CODE_SIGN_ENTITLEMENTS[sdk=macosx*]" = "App/Resources/Parjamie-Mac.entitlements";
				CODE_SIGN_IDENTITY = "iPhone Developer";
				CODE_SIGN_STYLE = Automatic;
				CURRENT_PROJECT_VERSION = 3;
				DERIVE_MACCATALYST_PRODUCT_BUNDLE_IDENTIFIER = NO;
				DEVELOPMENT_TEAM = NQ6AJVVBBJ;
				ENABLE_USER_SCRIPT_SANDBOXING = YES;
				GENERATE_INFOPLIST_FILE = NO;
				INFOPLIST_FILE = App/Resources/Info.plist;
				LD_RUNPATH_SEARCH_PATHS = (
					"$(inherited)",
					"@executable_path/Frameworks",
				);
				MARKETING_VERSION = 1.0;
				PRODUCT_BUNDLE_IDENTIFIER = net.parjamie.game;
				SDKROOT = iphoneos;
				SUPPORTS_MACCATALYST = YES;
				SWIFT_VERSION = 6.0;
				TARGETED_DEVICE_FAMILY = "1,2";
			};
			name = Debug;
		};
		1347689BD6FFBEA83F6FF466 /* Release */ = {
			isa = XCBuildConfiguration;
			buildSettings = {
				ASSETCATALOG_COMPILER_APPICON_NAME = AppIcon;
				"CODE_SIGN_ENTITLEMENTS[sdk=macosx*]" = "App/Resources/Parjamie-Mac.entitlements";
				CODE_SIGN_IDENTITY = "iPhone Developer";
				CODE_SIGN_STYLE = Automatic;
				CURRENT_PROJECT_VERSION = 3;
				DERIVE_MACCATALYST_PRODUCT_BUNDLE_IDENTIFIER = NO;
				DEVELOPMENT_TEAM = NQ6AJVVBBJ;
				ENABLE_USER_SCRIPT_SANDBOXING = YES;
				GENERATE_INFOPLIST_FILE = NO;
				INFOPLIST_FILE = App/Resources/Info.plist;
				LD_RUNPATH_SEARCH_PATHS = (
					"$(inherited)",
					"@executable_path/Frameworks",
				);
				MARKETING_VERSION = 1.0;
				PRODUCT_BUNDLE_IDENTIFIER = net.parjamie.game;
				SDKROOT = iphoneos;
				SUPPORTS_MACCATALYST = YES;
				SWIFT_VERSION = 6.0;
				TARGETED_DEVICE_FAMILY = "1,2";
			};
			name = Release;
		};
		A8FB28B69D5616513277B972 /* Release */ = {
			isa = XCBuildConfiguration;
			buildSettings = {
				ALWAYS_SEARCH_USER_PATHS = NO;
				CLANG_ANALYZER_NONNULL = YES;
				CLANG_ANALYZER_NUMBER_OBJECT_CONVERSION = YES_AGGRESSIVE;
				CLANG_CXX_LANGUAGE_STANDARD = "gnu++14";
				CLANG_CXX_LIBRARY = "libc++";
				CLANG_ENABLE_MODULES = YES;
				CLANG_ENABLE_OBJC_ARC = YES;
				CLANG_ENABLE_OBJC_WEAK = YES;
				CLANG_WARN_BLOCK_CAPTURE_AUTORELEASING = YES;
				CLANG_WARN_BOOL_CONVERSION = YES;
				CLANG_WARN_COMMA = YES;
				CLANG_WARN_CONSTANT_CONVERSION = YES;
				CLANG_WARN_DEPRECATED_OBJC_IMPLEMENTATIONS = YES;
				CLANG_WARN_DIRECT_OBJC_ISA_USAGE = YES_ERROR;
				CLANG_WARN_DOCUMENTATION_COMMENTS = YES;
				CLANG_WARN_EMPTY_BODY = YES;
				CLANG_WARN_ENUM_CONVERSION = YES;
				CLANG_WARN_INFINITE_RECURSION = YES;
				CLANG_WARN_INT_CONVERSION = YES;
				CLANG_WARN_NON_LITERAL_NULL_CONVERSION = YES;
				CLANG_WARN_OBJC_IMPLICIT_RETAIN_SELF = YES;
				CLANG_WARN_OBJC_LITERAL_CONVERSION = YES;
				CLANG_WARN_OBJC_ROOT_CLASS = YES_ERROR;
				CLANG_WARN_QUOTED_INCLUDE_IN_FRAMEWORK_HEADER = YES;
				CLANG_WARN_RANGE_LOOP_ANALYSIS = YES;
				CLANG_WARN_STRICT_PROTOTYPES = YES;
				CLANG_WARN_SUSPICIOUS_MOVE = YES;
				CLANG_WARN_UNGUARDED_AVAILABILITY = YES_AGGRESSIVE;
				CLANG_WARN_UNREACHABLE_CODE = YES;
				CLANG_WARN__DUPLICATE_METHOD_MATCH = YES;
				COPY_PHASE_STRIP = NO;
				DEBUG_INFORMATION_FORMAT = "dwarf-with-dsym";
				ENABLE_NS_ASSERTIONS = NO;
				ENABLE_STRICT_OBJC_MSGSEND = YES;
				GCC_C_LANGUAGE_STANDARD = gnu11;
				GCC_NO_COMMON_BLOCKS = YES;
				GCC_WARN_64_TO_32_BIT_CONVERSION = YES;
				GCC_WARN_ABOUT_RETURN_TYPE = YES_ERROR;
				GCC_WARN_UNDECLARED_SELECTOR = YES;
				GCC_WARN_UNINITIALIZED_AUTOS = YES_AGGRESSIVE;
				GCC_WARN_UNUSED_FUNCTION = YES;
				GCC_WARN_UNUSED_VARIABLE = YES;
				IPHONEOS_DEPLOYMENT_TARGET = 17.0;
				MTL_ENABLE_DEBUG_INFO = NO;
				MTL_FAST_MATH = YES;
				PRODUCT_NAME = "$(TARGET_NAME)";
				SDKROOT = iphoneos;
				SWIFT_COMPILATION_MODE = wholemodule;
				SWIFT_OPTIMIZATION_LEVEL = "-O";
				SWIFT_VERSION = 5.0;
			};
			name = Release;
		};
/* End XCBuildConfiguration section */

/* Begin XCConfigurationList section */
		E1C1D5FA0094241C3A6D7770 /* Build configuration list for PBXProject "Parjamie" */ = {
			isa = XCConfigurationList;
			buildConfigurations = (
				096F46C568E9A1C81BD0D8C0 /* Debug */,
				A8FB28B69D5616513277B972 /* Release */,
			);
			defaultConfigurationIsVisible = 0;
			defaultConfigurationName = Debug;
		};
		E9F5C647610AE4D0FFF40B92 /* Build configuration list for PBXNativeTarget "Parjamie" */ = {
			isa = XCConfigurationList;
			buildConfigurations = (
				09EBF9B640AF11912F6F2E65 /* Debug */,
				1347689BD6FFBEA83F6FF466 /* Release */,
			);
			defaultConfigurationIsVisible = 0;
			defaultConfigurationName = Debug;
		};
/* End XCConfigurationList section */

/* Begin XCLocalSwiftPackageReference section */
		63E3B870AD64DD21C7334A06 /* XCLocalSwiftPackageReference "." */ = {
			isa = XCLocalSwiftPackageReference;
			relativePath = .;
		};
/* End XCLocalSwiftPackageReference section */

/* Begin XCSwiftPackageProductDependency section */
		1E417820269079549451F213 /* ParjamieNet */ = {
			isa = XCSwiftPackageProductDependency;
			productName = ParjamieNet;
		};
		6D7A79ACE6DEACDF57B629E0 /* ParjamieEngine */ = {
			isa = XCSwiftPackageProductDependency;
			productName = ParjamieEngine;
		};
/* End XCSwiftPackageProductDependency section */
	};
	rootObject = 6814833314A5D1461F8AF902 /* Project object */;
}
